
Microsoft Visual Studio Solution File, Format Version 12.00
# Visual Studio Version 16
VisualStudioVersion = 16.0.31321.278
MinimumVisualStudioVersion = 10.0.40219.1
Project("{FAE04EC0-301F-11D3-BF4B-00C04F79EFBC}") = "MvcChampionsAWSART", "MvcChampionsAWSART\MvcChampionsAWSART.csproj", "{7FF03EBB-6DDC-4D48-B085-68E6A8BEC9D7}"
EndProject
Global
	GlobalSection(SolutionConfigurationPlatforms) = preSolution
		Debug|Any CPU = Debug|Any CPU
		Release|Any CPU = Release|Any CPU
	EndGlobalSection
	GlobalSection(ProjectConfigurationPlatforms) = postSolution
		{7FF03EBB-6DDC-4D48-B085-68E6A8BEC9D7}.Debug|Any CPU.ActiveCfg = Debug|Any CPU
		{7FF03EBB-6DDC-4D48-B085-68E6A8BEC9D7}.Debug|Any CPU.Build.0 = Debug|Any CPU
		{7FF03EBB-6DDC-4D48-B085-68E6A8BEC9D7}.Release|Any CPU.ActiveCfg = Release|Any CPU
		{7FF03EBB-6DDC-4D48-B085-68E6A8BEC9D7}.Release|Any CPU.Build.0 = Release|Any CPU
	EndGlobalSection
	GlobalSection(SolutionProperties) = preSolution
		HideSolutionNode = FALSE
	EndGlobalSection
	GlobalSection(ExtensibilityGlobals) = postSolution
		SolutionGuid = {7541BEE6-204D-4AE9-BA06-0B548FE36388}
	EndGlobalSection
EndGlobal
